{
    "_readme": [
        "This file locks the dependencies of your project to a known state",
        "Read more about it at https://getcomposer.org/doc/01-basic-usage.md#installing-dependencies",
        "This file is @generated automatically"
    ],
    "content-hash": "5d58fcf543a2f70f257fc4353f3391a1",
    "packages": [
        {
            "name": "paymongo/paymongo-php",
            "version": "v0.0.0",
            "source": {
                "type": "git",
                "url": "https://github.com/paymongo/paymongo-php.git",
                "reference": "48ce4f38b366d8ca73f426cd3b04fe1d7d59f5bd"
            },
            "dist": {
                "type": "zip",
                "url": "https://api.github.com/repos/paymongo/paymongo-php/zipball/48ce4f38b366d8ca73f426cd3b04fe1d7d59f5bd",
                "reference": "48ce4f38b366d8ca73f426cd3b04fe1d7d59f5bd",
                "shasum": ""
            },
            "require": {
                "ext-curl": "*",
                "ext-json": "*",
                "ext-mbstring": "*",
                "php": ">=5.6.0"
            },
            "require-dev": {
                "phpunit/phpunit": "^9.1"
            },
            "type": "library",
            "autoload": {
                "psr-4": {
                    "Paymongo\\": "src/"
                }
            },
            "notification-url": "https://packagist.org/downloads/",
            "license": [
                "MIT"
            ],
            "description": "PayMongo PHP Library",
            "homepage": "https://paymongo.com/",
            "keywords": [
                "api",
                "payment processing",
                "paymongo"
            ],
            "support": {
                "issues": "https://github.com/paymongo/paymongo-php/issues",
                "source": "https://github.com/paymongo/paymongo-php/tree/v0.0.0"
            },
            "time": "2022-11-21T06:10:32+00:00"
        },
        {
            "name": "stripe/stripe-php",
            "version": "v16.6.0",
            "source": {
                "type": "git",
                "url": "https://github.com/stripe/stripe-php.git",
                "reference": "d6de0a536f00b5c5c74f36b8f4d0d93b035499ff"
            },
            "dist": {
                "type": "zip",
                "url": "https://api.github.com/repos/stripe/stripe-php/zipball/d6de0a536f00b5c5c74f36b8f4d0d93b035499ff",
                "reference": "d6de0a536f00b5c5c74f36b8f4d0d93b035499ff",
                "shasum": ""
            },
            "require": {
                "ext-curl": "*",
                "ext-json": "*",
                "ext-mbstring": "*",
                "php": ">=5.6.0"
            },
            "require-dev": {
                "friendsofphp/php-cs-fixer": "3.5.0",
                "phpstan/phpstan": "^1.2",
                "phpunit/phpunit": "^5.7 || ^9.0"
            },
            "type": "library",
            "extra": {
                "branch-alias": {
                    "dev-master": "2.0-dev"
                }
            },
            "autoload": {
                "psr-4": {
                    "Stripe\\": "lib/"
                }
            },
            "notification-url": "https://packagist.org/downloads/",
            "license": [
                "MIT"
            ],
            "authors": [
                {
                    "name": "Stripe and contributors",
                    "homepage": "https://github.com/stripe/stripe-php/contributors"
                }
            ],
            "description": "Stripe PHP Library",
            "homepage": "https://stripe.com/",
            "keywords": [
                "api",
                "payment processing",
                "stripe"
            ],
            "support": {
                "issues": "https://github.com/stripe/stripe-php/issues",
                "source": "https://github.com/stripe/stripe-php/tree/v16.6.0"
            },
            "time": "2025-02-24T22:35:29+00:00"
        }
    ],
    "packages-dev": [],
    "aliases": [],
    "minimum-stability": "stable",
    "stability-flags": {},
    "prefer-stable": false,
    "prefer-lowest": false,
    "platform": {},
    "platform-dev": {},
    "plugin-api-version": "2.6.0"
}
